{
    "_readme": [
        "This file locks the dependencies of your project to a known state",
        "Read more about it at https://getcomposer.org/doc/01-basic-usage.md#installing-dependencies",
        "This file is @generated automatically"
    ],
    "content-hash": "6a02925df21fde48aaddf40a0cc3a607",
    "packages": [
        {
            "name": "jean85/pretty-package-versions",
            "version": "2.1.1",
            "source": {
                "type": "git",
                "url": "https://github.com/Jean85/pretty-package-versions.git",
                "reference": "4d7aa5dab42e2a76d99559706022885de0e18e1a"
            },
            "dist": {
                "type": "zip",
                "url": "https://api.github.com/repos/Jean85/pretty-package-versions/zipball/4d7aa5dab42e2a76d99559706022885de0e18e1a",
                "reference": "4d7aa5dab42e2a76d99559706022885de0e18e1a",
                "shasum": ""
            },
            "require": {
                "composer-runtime-api": "^2.1.0",
                "php": "^7.4|^8.0"
            },
            "require-dev": {
                "friendsofphp/php-cs-fixer": "^3.2",
                "jean85/composer-provided-replaced-stub-package": "^1.0",
                "phpstan/phpstan": "^2.0",
                "phpunit/phpunit": "^7.5|^8.5|^9.6",
                "rector/rector": "^2.0",
                "vimeo/psalm": "^4.3 || ^5.0"
            },
            "type": "library",
            "extra": {
                "branch-alias": {
                    "dev-master": "1.x-dev"
                }
            },
            "autoload": {
                "psr-4": {
                    "Jean85\\": "src/"
                }
            },
            "notification-url": "https://packagist.org/downloads/",
            "license": [
                "MIT"
            ],
            "authors": [
                {
                    "name": "Alessandro Lai",
                    "email": "alessandro.lai85@gmail.com"
                }
            ],
            "description": "A library to get pretty versions strings of installed dependencies",
            "keywords": [
                "composer",
                "package",
                "release",
                "versions"
            ],
            "support": {
                "issues": "https://github.com/Jean85/pretty-package-versions/issues",
                "source": "https://github.com/Jean85/pretty-package-versions/tree/2.1.1"
            },
            "time": "2025-03-19T14:43:43+00:00"
        },
        {
            "name": "mongodb/mongodb",
            "version": "1.15.0",
            "source": {
                "type": "git",
                "url": "https://github.com/mongodb/mongo-php-library.git",
                "reference": "3a681a3b2f2c0ebac227a3b86bb9057d0e6eb8f8"
            },
            "dist": {
                "type": "zip",
                "url": "https://api.github.com/repos/mongodb/mongo-php-library/zipball/3a681a3b2f2c0ebac227a3b86bb9057d0e6eb8f8",
                "reference": "3a681a3b2f2c0ebac227a3b86bb9057d0e6eb8f8",
                "shasum": ""
            },
            "require": {
                "ext-hash": "*",
                "ext-json": "*",
                "ext-mongodb": "^1.15.0",
                "jean85/pretty-package-versions": "^1.2 || ^2.0.1",
                "php": "^7.2 || ^8.0",
                "symfony/polyfill-php80": "^1.19"
            },
            "require-dev": {
                "doctrine/coding-standard": "^9.0",
                "squizlabs/php_codesniffer": "^3.6",
                "symfony/phpunit-bridge": "^5.2",
                "vimeo/psalm": "^4.28"
            },
            "type": "library",
            "extra": {
                "branch-alias": {
                    "dev-master": "1.15.x-dev"
                }
            },
            "autoload": {
                "files": [
                    "src/functions.php"
                ],
                "psr-4": {
                    "MongoDB\\": "src/"
                }
            },
            "notification-url": "https://packagist.org/downloads/",
            "license": [
                "Apache-2.0"
            ],
            "authors": [
                {
                    "name": "Andreas Braun",
                    "email": "andreas.braun@mongodb.com"
                },
                {
                    "name": "Jeremy Mikola",
                    "email": "jmikola@gmail.com"
                }
            ],
            "description": "MongoDB driver library",
            "homepage": "https://jira.mongodb.org/browse/PHPLIB",
            "keywords": [
                "database",
                "driver",
                "mongodb",
                "persistence"
            ],
            "support": {
                "issues": "https://github.com/mongodb/mongo-php-library/issues",
                "source": "https://github.com/mongodb/mongo-php-library/tree/1.15.0"
            },
            "time": "2022-11-23T04:45:35+00:00"
        },
        {
            "name": "predis/predis",
            "version": "v3.4.2",
            "source": {
                "type": "git",
                "url": "https://github.com/predis/predis.git",
                "reference": "2033429520d8997a7815a2485f56abe6d2d0e075"
            },
            "dist": {
                "type": "zip",
                "url": "https://api.github.com/repos/predis/predis/zipball/2033429520d8997a7815a2485f56abe6d2d0e075",
                "reference": "2033429520d8997a7815a2485f56abe6d2d0e075",
                "shasum": ""
            },
            "require": {
                "php": "^7.2 || ^8.0",
                "psr/http-message": "^1.0|^2.0"
            },
            "require-dev": {
                "friendsofphp/php-cs-fixer": "^3.3",
                "phpstan/phpstan": "^1.9",
                "phpunit/phpcov": "^6.0 || ^8.0",
                "phpunit/phpunit": "^8.0 || ~9.4.4"
            },
            "suggest": {
                "ext-relay": "Faster connection with in-memory caching (>=0.6.2)"
            },
            "type": "library",
            "autoload": {
                "psr-4": {
                    "Predis\\": "src/"
                }
            },
            "notification-url": "https://packagist.org/downloads/",
            "license": [
                "MIT"
            ],
            "authors": [
                {
                    "name": "Till Krüss",
                    "homepage": "https://till.im",
                    "role": "Maintainer"
                }
            ],
            "description": "A flexible and feature-complete Redis/Valkey client for PHP.",
            "homepage": "http://github.com/predis/predis",
            "keywords": [
                "nosql",
                "predis",
                "redis"
            ],
            "support": {
                "issues": "https://github.com/predis/predis/issues",
                "source": "https://github.com/predis/predis/tree/v3.4.2"
            },
            "funding": [
                {
                    "url": "https://github.com/sponsors/tillkruss",
                    "type": "github"
                }
            ],
            "time": "2026-03-09T20:33:04+00:00"
        },
        {
            "name": "psr/http-message",
            "version": "2.0",
            "source": {
                "type": "git",
                "url": "https://github.com/php-fig/http-message.git",
                "reference": "402d35bcb92c70c026d1a6a9883f06b2ead23d71"
            },
            "dist": {
                "type": "zip",
                "url": "https://api.github.com/repos/php-fig/http-message/zipball/402d35bcb92c70c026d1a6a9883f06b2ead23d71",
                "reference": "402d35bcb92c70c026d1a6a9883f06b2ead23d71",
                "shasum": ""
            },
            "require": {
                "php": "^7.2 || ^8.0"
            },
            "type": "library",
            "extra": {
                "branch-alias": {
                    "dev-master": "2.0.x-dev"
                }
            },
            "autoload": {
                "psr-4": {
                    "Psr\\Http\\Message\\": "src/"
                }
            },
            "notification-url": "https://packagist.org/downloads/",
            "license": [
                "MIT"
            ],
            "authors": [
                {
                    "name": "PHP-FIG",
                    "homepage": "https://www.php-fig.org/"
                }
            ],
            "description": "Common interface for HTTP messages",
            "homepage": "https://github.com/php-fig/http-message",
            "keywords": [
                "http",
                "http-message",
                "psr",
                "psr-7",
                "request",
                "response"
            ],
            "support": {
                "source": "https://github.com/php-fig/http-message/tree/2.0"
            },
            "time": "2023-04-04T09:54:51+00:00"
        },
        {
            "name": "symfony/polyfill-php80",
            "version": "v1.33.0",
            "source": {
                "type": "git",
                "url": "https://github.com/symfony/polyfill-php80.git",
                "reference": "0cc9dd0f17f61d8131e7df6b84bd344899fe2608"
            },
            "dist": {
                "type": "zip",
                "url": "https://api.github.com/repos/symfony/polyfill-php80/zipball/0cc9dd0f17f61d8131e7df6b84bd344899fe2608",
                "reference": "0cc9dd0f17f61d8131e7df6b84bd344899fe2608",
                "shasum": ""
            },
            "require": {
                "php": ">=7.2"
            },
            "type": "library",
            "extra": {
                "thanks": {
                    "url": "https://github.com/symfony/polyfill",
                    "name": "symfony/polyfill"
                }
            },
            "autoload": {
                "files": [
                    "bootstrap.php"
                ],
                "psr-4": {
                    "Symfony\\Polyfill\\Php80\\": ""
                },
                "classmap": [
                    "Resources/stubs"
                ]
            },
            "notification-url": "https://packagist.org/downloads/",
            "license": [
                "MIT"
            ],
            "authors": [
                {
                    "name": "Ion Bazan",
                    "email": "ion.bazan@gmail.com"
                },
                {
                    "name": "Nicolas Grekas",
                    "email": "p@tchwork.com"
                },
                {
                    "name": "Symfony Community",
                    "homepage": "https://symfony.com/contributors"
                }
            ],
            "description": "Symfony polyfill backporting some PHP 8.0+ features to lower PHP versions",
            "homepage": "https://symfony.com",
            "keywords": [
                "compatibility",
                "polyfill",
                "portable",
                "shim"
            ],
            "support": {
                "source": "https://github.com/symfony/polyfill-php80/tree/v1.33.0"
            },
            "funding": [
                {
                    "url": "https://symfony.com/sponsor",
                    "type": "custom"
                },
                {
                    "url": "https://github.com/fabpot",
                    "type": "github"
                },
                {
                    "url": "https://github.com/nicolas-grekas",
                    "type": "github"
                },
                {
                    "url": "https://tidelift.com/funding/github/packagist/symfony/symfony",
                    "type": "tidelift"
                }
            ],
            "time": "2025-01-02T08:10:11+00:00"
        }
    ],
    "packages-dev": [],
    "aliases": [],
    "minimum-stability": "stable",
    "stability-flags": {},
    "prefer-stable": false,
    "prefer-lowest": false,
    "platform": {},
    "platform-dev": {},
    "plugin-api-version": "2.9.0"
}
